
Microsoft Visual Studio Solution File, Format Version 12.00
# Visual Studio 15
VisualStudioVersion = 15.0.26124.0
MinimumVisualStudioVersion = 15.0.26124.0
Project("{FAE04EC0-301F-11D3-BF4B-00C04F79EFBC}") = "Globbing", "Globbing\Globbing.csproj", "{D4A1F812-B6F0-4426-8BA7-670ED4C88BF4}"
EndProject
Project("{FAE04EC0-301F-11D3-BF4B-00C04F79EFBC}") = "MultiFramework", "MultiFramework\MultiFramework.csproj", "{C0224DF6-AEDD-4740-B29E-50121E30BE1E}"
EndProject
Project("{FAE04EC0-301F-11D3-BF4B-00C04F79EFBC}") = "NuGetPackage", "NuGetPackage\NuGetPackage.csproj", "{3CA1B263-0F0B-4146-B674-452F1F277DB0}"
EndProject
Project("{FAE04EC0-301F-11D3-BF4B-00C04F79EFBC}") = "AutomaticImports", "AutomaticImports\AutomaticImports.csproj", "{14AF717A-F715-43C4-8112-A7CD05F1364B}"
EndProject
Project("{FAE04EC0-301F-11D3-BF4B-00C04F79EFBC}") = "multiprojecttest_project1", "MultipleProjecsInSameFolder\multiprojecttest_project1.csproj", "{0D75787D-90C2-435A-B11D-8541C3165C7E}"
EndProject
Project("{FAE04EC0-301F-11D3-BF4B-00C04F79EFBC}") = "multiprojecttest_project2", "MultipleProjecsInSameFolder\multiprojecttest_project2.csproj", "{C2FDAED2-A316-4621-A068-8FB107280715}"
EndProject
Project("{FAE04EC0-301F-11D3-BF4B-00C04F79EFBC}") = "PackageReferenceExample", "PackageReferenceExample\PackageReferenceExample.csproj", "{E07BCE34-F41F-4750-9047-BA40EFF72E2C}"
EndProject
Global
	GlobalSection(SolutionConfigurationPlatforms) = preSolution
		Debug|Any CPU = Debug|Any CPU
		Debug|x64 = Debug|x64
		Debug|x86 = Debug|x86
		Release|Any CPU = Release|Any CPU
		Release|x64 = Release|x64
		Release|x86 = Release|x86
	EndGlobalSection
	GlobalSection(SolutionProperties) = preSolution
		HideSolutionNode = FALSE
	EndGlobalSection
	GlobalSection(ProjectConfigurationPlatforms) = postSolution
		{D4A1F812-B6F0-4426-8BA7-670ED4C88BF4}.Debug|Any CPU.ActiveCfg = Debug|Any CPU
		{D4A1F812-B6F0-4426-8BA7-670ED4C88BF4}.Debug|Any CPU.Build.0 = Debug|Any CPU
		{D4A1F812-B6F0-4426-8BA7-670ED4C88BF4}.Debug|x64.ActiveCfg = Debug|x64
		{D4A1F812-B6F0-4426-8BA7-670ED4C88BF4}.Debug|x64.Build.0 = Debug|x64
		{D4A1F812-B6F0-4426-8BA7-670ED4C88BF4}.Debug|x86.ActiveCfg = Debug|x86
		{D4A1F812-B6F0-4426-8BA7-670ED4C88BF4}.Debug|x86.Build.0 = Debug|x86
		{D4A1F812-B6F0-4426-8BA7-670ED4C88BF4}.Release|Any CPU.ActiveCfg = Release|Any CPU
		{D4A1F812-B6F0-4426-8BA7-670ED4C88BF4}.Release|Any CPU.Build.0 = Release|Any CPU
		{D4A1F812-B6F0-4426-8BA7-670ED4C88BF4}.Release|x64.ActiveCfg = Release|x64
		{D4A1F812-B6F0-4426-8BA7-670ED4C88BF4}.Release|x64.Build.0 = Release|x64
		{D4A1F812-B6F0-4426-8BA7-670ED4C88BF4}.Release|x86.ActiveCfg = Release|x86
		{D4A1F812-B6F0-4426-8BA7-670ED4C88BF4}.Release|x86.Build.0 = Release|x86
		{C0224DF6-AEDD-4740-B29E-50121E30BE1E}.Debug|Any CPU.ActiveCfg = Debug|Any CPU
		{C0224DF6-AEDD-4740-B29E-50121E30BE1E}.Debug|Any CPU.Build.0 = Debug|Any CPU
		{C0224DF6-AEDD-4740-B29E-50121E30BE1E}.Debug|x64.ActiveCfg = Debug|x64
		{C0224DF6-AEDD-4740-B29E-50121E30BE1E}.Debug|x64.Build.0 = Debug|x64
		{C0224DF6-AEDD-4740-B29E-50121E30BE1E}.Debug|x86.ActiveCfg = Debug|x86
		{C0224DF6-AEDD-4740-B29E-50121E30BE1E}.Debug|x86.Build.0 = Debug|x86
		{C0224DF6-AEDD-4740-B29E-50121E30BE1E}.Release|Any CPU.ActiveCfg = Release|Any CPU
		{C0224DF6-AEDD-4740-B29E-50121E30BE1E}.Release|Any CPU.Build.0 = Release|Any CPU
		{C0224DF6-AEDD-4740-B29E-50121E30BE1E}.Release|x64.ActiveCfg = Release|x64
		{C0224DF6-AEDD-4740-B29E-50121E30BE1E}.Release|x64.Build.0 = Release|x64
		{C0224DF6-AEDD-4740-B29E-50121E30BE1E}.Release|x86.ActiveCfg = Release|x86
		{C0224DF6-AEDD-4740-B29E-50121E30BE1E}.Release|x86.Build.0 = Release|x86
		{3CA1B263-0F0B-4146-B674-452F1F277DB0}.Debug|Any CPU.ActiveCfg = Debug|Any CPU
		{3CA1B263-0F0B-4146-B674-452F1F277DB0}.Debug|Any CPU.Build.0 = Debug|Any CPU
		{3CA1B263-0F0B-4146-B674-452F1F277DB0}.Debug|x64.ActiveCfg = Debug|x64
		{3CA1B263-0F0B-4146-B674-452F1F277DB0}.Debug|x64.Build.0 = Debug|x64
		{3CA1B263-0F0B-4146-B674-452F1F277DB0}.Debug|x86.ActiveCfg = Debug|x86
		{3CA1B263-0F0B-4146-B674-452F1F277DB0}.Debug|x86.Build.0 = Debug|x86
		{3CA1B263-0F0B-4146-B674-452F1F277DB0}.Release|Any CPU.ActiveCfg = Release|Any CPU
		{3CA1B263-0F0B-4146-B674-452F1F277DB0}.Release|Any CPU.Build.0 = Release|Any CPU
		{3CA1B263-0F0B-4146-B674-452F1F277DB0}.Release|x64.ActiveCfg = Release|x64
		{3CA1B263-0F0B-4146-B674-452F1F277DB0}.Release|x64.Build.0 = Release|x64
		{3CA1B263-0F0B-4146-B674-452F1F277DB0}.Release|x86.ActiveCfg = Release|x86
		{3CA1B263-0F0B-4146-B674-452F1F277DB0}.Release|x86.Build.0 = Release|x86
		{14AF717A-F715-43C4-8112-A7CD05F1364B}.Debug|Any CPU.ActiveCfg = Debug|Any CPU
		{14AF717A-F715-43C4-8112-A7CD05F1364B}.Debug|Any CPU.Build.0 = Debug|Any CPU
		{14AF717A-F715-43C4-8112-A7CD05F1364B}.Debug|x64.ActiveCfg = Debug|x64
		{14AF717A-F715-43C4-8112-A7CD05F1364B}.Debug|x64.Build.0 = Debug|x64
		{14AF717A-F715-43C4-8112-A7CD05F1364B}.Debug|x86.ActiveCfg = Debug|x86
		{14AF717A-F715-43C4-8112-A7CD05F1364B}.Debug|x86.Build.0 = Debug|x86
		{14AF717A-F715-43C4-8112-A7CD05F1364B}.Release|Any CPU.ActiveCfg = Release|Any CPU
		{14AF717A-F715-43C4-8112-A7CD05F1364B}.Release|Any CPU.Build.0 = Release|Any CPU
		{14AF717A-F715-43C4-8112-A7CD05F1364B}.Release|x64.ActiveCfg = Release|x64
		{14AF717A-F715-43C4-8112-A7CD05F1364B}.Release|x64.Build.0 = Release|x64
		{14AF717A-F715-43C4-8112-A7CD05F1364B}.Release|x86.ActiveCfg = Release|x86
		{14AF717A-F715-43C4-8112-A7CD05F1364B}.Release|x86.Build.0 = Release|x86
		{0D75787D-90C2-435A-B11D-8541C3165C7E}.Debug|Any CPU.ActiveCfg = Debug|Any CPU
		{0D75787D-90C2-435A-B11D-8541C3165C7E}.Debug|Any CPU.Build.0 = Debug|Any CPU
		{0D75787D-90C2-435A-B11D-8541C3165C7E}.Debug|x64.ActiveCfg = Debug|x64
		{0D75787D-90C2-435A-B11D-8541C3165C7E}.Debug|x64.Build.0 = Debug|x64
		{0D75787D-90C2-435A-B11D-8541C3165C7E}.Debug|x86.ActiveCfg = Debug|x86
		{0D75787D-90C2-435A-B11D-8541C3165C7E}.Debug|x86.Build.0 = Debug|x86
		{0D75787D-90C2-435A-B11D-8541C3165C7E}.Release|Any CPU.ActiveCfg = Release|Any CPU
		{0D75787D-90C2-435A-B11D-8541C3165C7E}.Release|Any CPU.Build.0 = Release|Any CPU
		{0D75787D-90C2-435A-B11D-8541C3165C7E}.Release|x64.ActiveCfg = Release|x64
		{0D75787D-90C2-435A-B11D-8541C3165C7E}.Release|x64.Build.0 = Release|x64
		{0D75787D-90C2-435A-B11D-8541C3165C7E}.Release|x86.ActiveCfg = Release|x86
		{0D75787D-90C2-435A-B11D-8541C3165C7E}.Release|x86.Build.0 = Release|x86
		{C2FDAED2-A316-4621-A068-8FB107280715}.Debug|Any CPU.ActiveCfg = Debug|Any CPU
		{C2FDAED2-A316-4621-A068-8FB107280715}.Debug|Any CPU.Build.0 = Debug|Any CPU
		{C2FDAED2-A316-4621-A068-8FB107280715}.Debug|x64.ActiveCfg = Debug|x64
		{C2FDAED2-A316-4621-A068-8FB107280715}.Debug|x64.Build.0 = Debug|x64
		{C2FDAED2-A316-4621-A068-8FB107280715}.Debug|x86.ActiveCfg = Debug|x86
		{C2FDAED2-A316-4621-A068-8FB107280715}.Debug|x86.Build.0 = Debug|x86
		{C2FDAED2-A316-4621-A068-8FB107280715}.Release|Any CPU.ActiveCfg = Release|Any CPU
		{C2FDAED2-A316-4621-A068-8FB107280715}.Release|Any CPU.Build.0 = Release|Any CPU
		{C2FDAED2-A316-4621-A068-8FB107280715}.Release|x64.ActiveCfg = Release|x64
		{C2FDAED2-A316-4621-A068-8FB107280715}.Release|x64.Build.0 = Release|x64
		{C2FDAED2-A316-4621-A068-8FB107280715}.Release|x86.ActiveCfg = Release|x86
		{C2FDAED2-A316-4621-A068-8FB107280715}.Release|x86.Build.0 = Release|x86
		{E07BCE34-F41F-4750-9047-BA40EFF72E2C}.Debug|Any CPU.ActiveCfg = Debug|Any CPU
		{E07BCE34-F41F-4750-9047-BA40EFF72E2C}.Debug|Any CPU.Build.0 = Debug|Any CPU
		{E07BCE34-F41F-4750-9047-BA40EFF72E2C}.Debug|x64.ActiveCfg = Debug|Any CPU
		{E07BCE34-F41F-4750-9047-BA40EFF72E2C}.Debug|x64.Build.0 = Debug|Any CPU
		{E07BCE34-F41F-4750-9047-BA40EFF72E2C}.Debug|x86.ActiveCfg = Debug|Any CPU
		{E07BCE34-F41F-4750-9047-BA40EFF72E2C}.Debug|x86.Build.0 = Debug|Any CPU
		{E07BCE34-F41F-4750-9047-BA40EFF72E2C}.Release|Any CPU.ActiveCfg = Release|Any CPU
		{E07BCE34-F41F-4750-9047-BA40EFF72E2C}.Release|Any CPU.Build.0 = Release|Any CPU
		{E07BCE34-F41F-4750-9047-BA40EFF72E2C}.Release|x64.ActiveCfg = Release|Any CPU
		{E07BCE34-F41F-4750-9047-BA40EFF72E2C}.Release|x64.Build.0 = Release|Any CPU
		{E07BCE34-F41F-4750-9047-BA40EFF72E2C}.Release|x86.ActiveCfg = Release|Any CPU
		{E07BCE34-F41F-4750-9047-BA40EFF72E2C}.Release|x86.Build.0 = Release|Any CPU
	EndGlobalSection
EndGlobal
